hash: b638f09356f857d662dceaa7149c0a251d26173b7d4c2feb84b86208b4691f69
updated: 2017-05-18T11:04:54.916178861+07:00
imports:
- name: github.com/gorilla/context
  version: 08b5f424b9271eedf6f9f0ce86cb9396ed337a42
- name: github.com/gorilla/mux
  version: 392c28fe23e1c45ddba891b0320b3b5df220beea
- name: github.com/rs/cors
  version: a62a804a8a009876ca59105f7899938a1349f4b3
- name: github.com/rs/xhandler
  version: d9d9599b6aaf6a058cb7b1f48291ded2cbd13390
- name: github.com/satori/go.uuid
  version: 879c5887cd475cd7864858769793b2ceb0d44feb
- name: github.com/Sirupsen/logrus
  version: ba1b36c82c5e05c4f912a88eab0dcd91a171688f
- name: github.com/stretchr/testify
  version: 69483b4bd14f5845b5a1e55bca19e954e827f1d0
- name: github.com/urfave/negroni
  version: fde5e16d32adc7ad637e9cd9ad21d4ebc6192535
- name: golang.org/x/net
  version: ffe101cce3477a6c6d8f0754d103bb0a84ec1266
  subpackages:
  - context
- name: gopkg.in/tylerb/graceful.v1
  version: 4654dfbb6ad53cb5e27f37d99b02e16c1872fbbb
testImports: []
